
Microsoft Visual Studio Solution File, Format Version 12.00
# Visual Studio Version 17
VisualStudioVersion = 17.4.33122.133
MinimumVisualStudioVersion = 10.0.40219.1
Project("{2150E333-8FDC-42A3-9474-1A3956D46DE8}") = "ROOT-FOLDER", "ROOT-FOLDER", "{8184CE9F-C478-4792-9649-C652C914C316}"
	ProjectSection(SolutionItems) = preProject
		..\..\.clang-format = ..\..\.clang-format
		..\..\.gitignore = ..\..\.gitignore
		..\..\.gitmodules = ..\..\.gitmodules
		..\..\Makefile = ..\..\Makefile
		..\..\README.md = ..\..\README.md
		..\..\VERSION = ..\..\VERSION
	EndProjectSection
EndProject
Project("{2150E333-8FDC-42A3-9474-1A3956D46DE8}") = "ThirdPartyComponents", "ThirdPartyComponents", "{679BC6AD-01AF-4A16-9EF4-16BE283E2F97}"
	ProjectSection(SolutionItems) = preProject
		..\..\ThirdPartyComponents\Makefile = ..\..\ThirdPartyComponents\Makefile
	EndProjectSection
EndProject
Project("{2150E333-8FDC-42A3-9474-1A3956D46DE8}") = "Stroika", "Stroika", "{53CC012B-669C-4426-8E2A-776A0F3F35D0}"
	ProjectSection(SolutionItems) = preProject
		..\..\ThirdPartyComponents\Stroika\Makefile = ..\..\ThirdPartyComponents\Stroika\Makefile
	EndProjectSection
EndProject
Project("{8BC9CEB8-8B4A-11D0-8D11-00A0C91BC942}") = "Stroika-Foundation", "..\..\ThirdPartyComponents\Stroika\StroikaRoot\Library\Projects\VisualStudio.Net-2022\Stroika-Foundation.vcxproj", "{5AFC8E54-EFA6-45A6-9E8F-7BB89C84AE5B}"
EndProject
Project("{8BC9CEB8-8B4A-11D0-8D11-00A0C91BC942}") = "Stroika-Frameworks", "..\..\ThirdPartyComponents\Stroika\StroikaRoot\Library\Projects\VisualStudio.Net-2022\Stroika-Frameworks.vcxproj", "{91C825D0-2702-4800-98DD-B83727D51F5E}"
	ProjectSection(ProjectDependencies) = postProject
		{5AFC8E54-EFA6-45A6-9E8F-7BB89C84AE5B} = {5AFC8E54-EFA6-45A6-9E8F-7BB89C84AE5B}
	EndProjectSection
EndProject
Project("{8BC9CEB8-8B4A-11D0-8D11-00A0C91BC942}") = "API-Server", "..\..\API-Server\Projects\VisualStudio.Net-2022\API-Server.vcxproj", "{30B6D154-A548-40A5-BCF1-E8B5B6112CD3}"
	ProjectSection(ProjectDependencies) = postProject
		{70ACF502-1245-41FB-BE54-9E5E71914FC4} = {70ACF502-1245-41FB-BE54-9E5E71914FC4}
	EndProjectSection
EndProject
Project("{2150E333-8FDC-42A3-9474-1A3956D46DE8}") = "Tools", "Tools", "{0E2B11C5-FA9C-4FA6-88DD-333008863F26}"
	ProjectSection(SolutionItems) = preProject
		..\..\Tools\Makefile = ..\..\Tools\Makefile
	EndProjectSection
EndProject
Project("{2150E333-8FDC-42A3-9474-1A3956D46DE8}") = "Tests", "Tests", "{0E2B1222-FA9C-4FA6-88DD-333008863F26}"
	ProjectSection(SolutionItems) = preProject
		..\..\Tests\Makefile = ..\..\Tools\Makefile
	EndProjectSection
EndProject
Project("{8BC9CEB8-8B4A-11D0-8D11-00A0C91BC942}") = "PS1", "..\..\Tools\PS1\Projects\VisualStudio.Net-2022\PS1.vcxproj", "{99C66D13-5D46-4665-86CA-55F3F30F47C1}"
	ProjectSection(ProjectDependencies) = postProject
		{70ACF502-1245-41FB-BE54-9E5E71914FC4} = {70ACF502-1245-41FB-BE54-9E5E71914FC4}
	EndProjectSection
EndProject
Project("{8BC9CEB8-8B4A-11D0-8D11-00A0C91BC942}") = "PS2", "..\..\Tools\PS2\Projects\VisualStudio.Net-2022\PS2.vcxproj", "{313D21E3-7278-4F65-B723-845BFDA5B1AC}"
	ProjectSection(ProjectDependencies) = postProject
		{70ACF502-1245-41FB-BE54-9E5E71914FC4} = {70ACF502-1245-41FB-BE54-9E5E71914FC4}
	EndProjectSection
EndProject
Project("{8BC9CEB8-8B4A-11D0-8D11-00A0C91BC942}") = "Geolocation", "..\..\Tests\Geolocation\Projects\VisualStudio.Net-2022\Geolocation.vcxproj", "{313D2111-7278-4F65-B723-845BFDA5B1AC}"
	ProjectSection(ProjectDependencies) = postProject
		{70ACF502-1245-41FB-BE54-9E5E71914FC4} = {70ACF502-1245-41FB-BE54-9E5E71914FC4}
	EndProjectSection
EndProject
Project("{2150E333-8FDC-42A3-9474-1A3956D46DE8}") = "NewFolder1", "NewFolder1", "{77FDFC61-1AC9-4E2B-AC0C-15A715380B8C}"
EndProject
Project("{8BC9CEB8-8B4A-11D0-8D11-00A0C91BC942}") = "LibIPAM", "..\..\LibIPAM\Projects\VisualStudio.Net-2022\LibIPAM.vcxproj", "{70ACF502-1245-41FB-BE54-9E5E71914FC4}"
EndProject
Global
	GlobalSection(SolutionConfigurationPlatforms) = preSolution
		Debug|Unspecified = Debug|Unspecified
		Debug|x86 = Debug|x86
		Debug-x86_64|Unspecified = Debug-x86_64|Unspecified
		Debug-x86_64|x86 = Debug-x86_64|x86
		Debug-x86|Unspecified = Debug-x86|Unspecified
		Debug-x86|x86 = Debug-x86|x86
		Release|Unspecified = Release|Unspecified
		Release|x86 = Release|x86
		Release-Logging|Unspecified = Release-Logging|Unspecified
		Release-Logging|x86 = Release-Logging|x86
		Release-x86_64|Unspecified = Release-x86_64|Unspecified
		Release-x86_64|x86 = Release-x86_64|x86
		Release-x86|Unspecified = Release-x86|Unspecified
		Release-x86|x86 = Release-x86|x86
	EndGlobalSection
	GlobalSection(ProjectConfigurationPlatforms) = postSolution
		{5AFC8E54-EFA6-45A6-9E8F-7BB89C84AE5B}.Debug|Unspecified.ActiveCfg = Debug|Win32
		{5AFC8E54-EFA6-45A6-9E8F-7BB89C84AE5B}.Debug|Unspecified.Build.0 = Debug|Win32
		{5AFC8E54-EFA6-45A6-9E8F-7BB89C84AE5B}.Debug|x86.ActiveCfg = Debug|Win32
		{5AFC8E54-EFA6-45A6-9E8F-7BB89C84AE5B}.Debug|x86.Build.0 = Debug|Win32
		{5AFC8E54-EFA6-45A6-9E8F-7BB89C84AE5B}.Debug-x86_64|Unspecified.ActiveCfg = Debug-x86_64|Win32
		{5AFC8E54-EFA6-45A6-9E8F-7BB89C84AE5B}.Debug-x86_64|Unspecified.Build.0 = Debug-x86_64|Win32
		{5AFC8E54-EFA6-45A6-9E8F-7BB89C84AE5B}.Debug-x86_64|x86.ActiveCfg = Debug-x86_64|Win32
		{5AFC8E54-EFA6-45A6-9E8F-7BB89C84AE5B}.Debug-x86_64|x86.Build.0 = Debug-x86_64|Win32
		{5AFC8E54-EFA6-45A6-9E8F-7BB89C84AE5B}.Debug-x86|Unspecified.ActiveCfg = Debug-x86|Win32
		{5AFC8E54-EFA6-45A6-9E8F-7BB89C84AE5B}.Debug-x86|Unspecified.Build.0 = Debug-x86|Win32
		{5AFC8E54-EFA6-45A6-9E8F-7BB89C84AE5B}.Debug-x86|x86.ActiveCfg = Debug-x86|Win32
		{5AFC8E54-EFA6-45A6-9E8F-7BB89C84AE5B}.Debug-x86|x86.Build.0 = Debug-x86|Win32
		{5AFC8E54-EFA6-45A6-9E8F-7BB89C84AE5B}.Release|Unspecified.ActiveCfg = Release|Win32
		{5AFC8E54-EFA6-45A6-9E8F-7BB89C84AE5B}.Release|Unspecified.Build.0 = Release|Win32
		{5AFC8E54-EFA6-45A6-9E8F-7BB89C84AE5B}.Release|x86.ActiveCfg = Release|Win32
		{5AFC8E54-EFA6-45A6-9E8F-7BB89C84AE5B}.Release|x86.Build.0 = Release|Win32
		{5AFC8E54-EFA6-45A6-9E8F-7BB89C84AE5B}.Release-Logging|Unspecified.ActiveCfg = Release-Logging|Win32
		{5AFC8E54-EFA6-45A6-9E8F-7BB89C84AE5B}.Release-Logging|Unspecified.Build.0 = Release-Logging|Win32
		{5AFC8E54-EFA6-45A6-9E8F-7BB89C84AE5B}.Release-Logging|x86.ActiveCfg = Release-Logging|Win32
		{5AFC8E54-EFA6-45A6-9E8F-7BB89C84AE5B}.Release-Logging|x86.Build.0 = Release-Logging|Win32
		{5AFC8E54-EFA6-45A6-9E8F-7BB89C84AE5B}.Release-x86_64|Unspecified.ActiveCfg = Release-x86_64|Win32
		{5AFC8E54-EFA6-45A6-9E8F-7BB89C84AE5B}.Release-x86_64|Unspecified.Build.0 = Release-x86_64|Win32
		{5AFC8E54-EFA6-45A6-9E8F-7BB89C84AE5B}.Release-x86_64|x86.ActiveCfg = Release-x86_64|Win32
		{5AFC8E54-EFA6-45A6-9E8F-7BB89C84AE5B}.Release-x86_64|x86.Build.0 = Release-x86_64|Win32
		{5AFC8E54-EFA6-45A6-9E8F-7BB89C84AE5B}.Release-x86|Unspecified.ActiveCfg = Release-x86|Win32
		{5AFC8E54-EFA6-45A6-9E8F-7BB89C84AE5B}.Release-x86|Unspecified.Build.0 = Release-x86|Win32
		{5AFC8E54-EFA6-45A6-9E8F-7BB89C84AE5B}.Release-x86|x86.ActiveCfg = Release-x86|Win32
		{5AFC8E54-EFA6-45A6-9E8F-7BB89C84AE5B}.Release-x86|x86.Build.0 = Release-x86|Win32
		{91C825D0-2702-4800-98DD-B83727D51F5E}.Debug|Unspecified.ActiveCfg = Debug|Win32
		{91C825D0-2702-4800-98DD-B83727D51F5E}.Debug|Unspecified.Build.0 = Debug|Win32
		{91C825D0-2702-4800-98DD-B83727D51F5E}.Debug|x86.ActiveCfg = Debug|Win32
		{91C825D0-2702-4800-98DD-B83727D51F5E}.Debug|x86.Build.0 = Debug|Win32
		{91C825D0-2702-4800-98DD-B83727D51F5E}.Debug-x86_64|Unspecified.ActiveCfg = Debug-x86_64|Win32
		{91C825D0-2702-4800-98DD-B83727D51F5E}.Debug-x86_64|Unspecified.Build.0 = Debug-x86_64|Win32
		{91C825D0-2702-4800-98DD-B83727D51F5E}.Debug-x86_64|x86.ActiveCfg = Debug-x86_64|Win32
		{91C825D0-2702-4800-98DD-B83727D51F5E}.Debug-x86_64|x86.Build.0 = Debug-x86_64|Win32
		{91C825D0-2702-4800-98DD-B83727D51F5E}.Debug-x86|Unspecified.ActiveCfg = Debug-x86|Win32
		{91C825D0-2702-4800-98DD-B83727D51F5E}.Debug-x86|Unspecified.Build.0 = Debug-x86|Win32
		{91C825D0-2702-4800-98DD-B83727D51F5E}.Debug-x86|x86.ActiveCfg = Debug-x86|Win32
		{91C825D0-2702-4800-98DD-B83727D51F5E}.Debug-x86|x86.Build.0 = Debug-x86|Win32
		{91C825D0-2702-4800-98DD-B83727D51F5E}.Release|Unspecified.ActiveCfg = Release|Win32
		{91C825D0-2702-4800-98DD-B83727D51F5E}.Release|Unspecified.Build.0 = Release|Win32
		{91C825D0-2702-4800-98DD-B83727D51F5E}.Release|x86.ActiveCfg = Release|Win32
		{91C825D0-2702-4800-98DD-B83727D51F5E}.Release|x86.Build.0 = Release|Win32
		{91C825D0-2702-4800-98DD-B83727D51F5E}.Release-Logging|Unspecified.ActiveCfg = Release-Logging|Win32
		{91C825D0-2702-4800-98DD-B83727D51F5E}.Release-Logging|Unspecified.Build.0 = Release-Logging|Win32
		{91C825D0-2702-4800-98DD-B83727D51F5E}.Release-Logging|x86.ActiveCfg = Release-Logging|Win32
		{91C825D0-2702-4800-98DD-B83727D51F5E}.Release-Logging|x86.Build.0 = Release-Logging|Win32
		{91C825D0-2702-4800-98DD-B83727D51F5E}.Release-x86_64|Unspecified.ActiveCfg = Release-x86_64|Win32
		{91C825D0-2702-4800-98DD-B83727D51F5E}.Release-x86_64|Unspecified.Build.0 = Release-x86_64|Win32
		{91C825D0-2702-4800-98DD-B83727D51F5E}.Release-x86_64|x86.ActiveCfg = Release-x86_64|Win32
		{91C825D0-2702-4800-98DD-B83727D51F5E}.Release-x86_64|x86.Build.0 = Release-x86_64|Win32
		{91C825D0-2702-4800-98DD-B83727D51F5E}.Release-x86|Unspecified.ActiveCfg = Release-x86|Win32
		{91C825D0-2702-4800-98DD-B83727D51F5E}.Release-x86|Unspecified.Build.0 = Release-x86|Win32
		{91C825D0-2702-4800-98DD-B83727D51F5E}.Release-x86|x86.ActiveCfg = Release-x86|Win32
		{91C825D0-2702-4800-98DD-B83727D51F5E}.Release-x86|x86.Build.0 = Release-x86|Win32
		{30B6D154-A548-40A5-BCF1-E8B5B6112CD3}.Debug|Unspecified.ActiveCfg = Debug|Win32
		{30B6D154-A548-40A5-BCF1-E8B5B6112CD3}.Debug|Unspecified.Build.0 = Debug|Win32
		{30B6D154-A548-40A5-BCF1-E8B5B6112CD3}.Debug|x86.ActiveCfg = Debug|Win32
		{30B6D154-A548-40A5-BCF1-E8B5B6112CD3}.Debug|x86.Build.0 = Debug|Win32
		{30B6D154-A548-40A5-BCF1-E8B5B6112CD3}.Debug-x86_64|Unspecified.ActiveCfg = Debug-x86_64|Win32
		{30B6D154-A548-40A5-BCF1-E8B5B6112CD3}.Debug-x86_64|Unspecified.Build.0 = Debug-x86_64|Win32
		{30B6D154-A548-40A5-BCF1-E8B5B6112CD3}.Debug-x86_64|x86.ActiveCfg = Debug-x86_64|Win32
		{30B6D154-A548-40A5-BCF1-E8B5B6112CD3}.Debug-x86_64|x86.Build.0 = Debug-x86_64|Win32
		{30B6D154-A548-40A5-BCF1-E8B5B6112CD3}.Debug-x86|Unspecified.ActiveCfg = Debug-x86|Win32
		{30B6D154-A548-40A5-BCF1-E8B5B6112CD3}.Debug-x86|Unspecified.Build.0 = Debug-x86|Win32
		{30B6D154-A548-40A5-BCF1-E8B5B6112CD3}.Debug-x86|x86.ActiveCfg = Debug-x86|Win32
		{30B6D154-A548-40A5-BCF1-E8B5B6112CD3}.Debug-x86|x86.Build.0 = Debug-x86|Win32
		{30B6D154-A548-40A5-BCF1-E8B5B6112CD3}.Release|Unspecified.ActiveCfg = Release|Win32
		{30B6D154-A548-40A5-BCF1-E8B5B6112CD3}.Release|Unspecified.Build.0 = Release|Win32
		{30B6D154-A548-40A5-BCF1-E8B5B6112CD3}.Release|x86.ActiveCfg = Release|Win32
		{30B6D154-A548-40A5-BCF1-E8B5B6112CD3}.Release|x86.Build.0 = Release|Win32
		{30B6D154-A548-40A5-BCF1-E8B5B6112CD3}.Release-Logging|Unspecified.ActiveCfg = Release-Logging|Win32
		{30B6D154-A548-40A5-BCF1-E8B5B6112CD3}.Release-Logging|Unspecified.Build.0 = Release-Logging|Win32
		{30B6D154-A548-40A5-BCF1-E8B5B6112CD3}.Release-Logging|x86.ActiveCfg = Release-Logging|Win32
		{30B6D154-A548-40A5-BCF1-E8B5B6112CD3}.Release-Logging|x86.Build.0 = Release-Logging|Win32
		{30B6D154-A548-40A5-BCF1-E8B5B6112CD3}.Release-x86_64|Unspecified.ActiveCfg = Release-x86_64|Win32
		{30B6D154-A548-40A5-BCF1-E8B5B6112CD3}.Release-x86_64|Unspecified.Build.0 = Release-x86_64|Win32
		{30B6D154-A548-40A5-BCF1-E8B5B6112CD3}.Release-x86_64|x86.ActiveCfg = Release-x86_64|Win32
		{30B6D154-A548-40A5-BCF1-E8B5B6112CD3}.Release-x86_64|x86.Build.0 = Release-x86_64|Win32
		{30B6D154-A548-40A5-BCF1-E8B5B6112CD3}.Release-x86|Unspecified.ActiveCfg = Release-x86|Win32
		{30B6D154-A548-40A5-BCF1-E8B5B6112CD3}.Release-x86|Unspecified.Build.0 = Release-x86|Win32
		{30B6D154-A548-40A5-BCF1-E8B5B6112CD3}.Release-x86|x86.ActiveCfg = Release-x86|Win32
		{30B6D154-A548-40A5-BCF1-E8B5B6112CD3}.Release-x86|x86.Build.0 = Release-x86|Win32
		{99C66D13-5D46-4665-86CA-55F3F30F47C1}.Debug|Unspecified.ActiveCfg = Debug|Win32
		{99C66D13-5D46-4665-86CA-55F3F30F47C1}.Debug|Unspecified.Build.0 = Debug|Win32
		{99C66D13-5D46-4665-86CA-55F3F30F47C1}.Debug|x86.ActiveCfg = Debug|Win32
		{99C66D13-5D46-4665-86CA-55F3F30F47C1}.Debug|x86.Build.0 = Debug|Win32
		{99C66D13-5D46-4665-86CA-55F3F30F47C1}.Debug-x86_64|Unspecified.ActiveCfg = Debug-x86_64|Win32
		{99C66D13-5D46-4665-86CA-55F3F30F47C1}.Debug-x86_64|Unspecified.Build.0 = Debug-x86_64|Win32
		{99C66D13-5D46-4665-86CA-55F3F30F47C1}.Debug-x86_64|x86.ActiveCfg = Debug-x86_64|Win32
		{99C66D13-5D46-4665-86CA-55F3F30F47C1}.Debug-x86_64|x86.Build.0 = Debug-x86_64|Win32
		{99C66D13-5D46-4665-86CA-55F3F30F47C1}.Debug-x86|Unspecified.ActiveCfg = Debug-x86|Win32
		{99C66D13-5D46-4665-86CA-55F3F30F47C1}.Debug-x86|Unspecified.Build.0 = Debug-x86|Win32
		{99C66D13-5D46-4665-86CA-55F3F30F47C1}.Debug-x86|x86.ActiveCfg = Debug-x86|Win32
		{99C66D13-5D46-4665-86CA-55F3F30F47C1}.Debug-x86|x86.Build.0 = Debug-x86|Win32
		{99C66D13-5D46-4665-86CA-55F3F30F47C1}.Release|Unspecified.ActiveCfg = Release|Win32
		{99C66D13-5D46-4665-86CA-55F3F30F47C1}.Release|Unspecified.Build.0 = Release|Win32
		{99C66D13-5D46-4665-86CA-55F3F30F47C1}.Release|x86.ActiveCfg = Release|Win32
		{99C66D13-5D46-4665-86CA-55F3F30F47C1}.Release|x86.Build.0 = Release|Win32
		{99C66D13-5D46-4665-86CA-55F3F30F47C1}.Release-Logging|Unspecified.ActiveCfg = Release-Logging|Win32
		{99C66D13-5D46-4665-86CA-55F3F30F47C1}.Release-Logging|Unspecified.Build.0 = Release-Logging|Win32
		{99C66D13-5D46-4665-86CA-55F3F30F47C1}.Release-Logging|x86.ActiveCfg = Release-Logging|Win32
		{99C66D13-5D46-4665-86CA-55F3F30F47C1}.Release-Logging|x86.Build.0 = Release-Logging|Win32
		{99C66D13-5D46-4665-86CA-55F3F30F47C1}.Release-x86_64|Unspecified.ActiveCfg = Release-x86_64|Win32
		{99C66D13-5D46-4665-86CA-55F3F30F47C1}.Release-x86_64|Unspecified.Build.0 = Release-x86_64|Win32
		{99C66D13-5D46-4665-86CA-55F3F30F47C1}.Release-x86_64|x86.ActiveCfg = Release-x86_64|Win32
		{99C66D13-5D46-4665-86CA-55F3F30F47C1}.Release-x86_64|x86.Build.0 = Release-x86_64|Win32
		{99C66D13-5D46-4665-86CA-55F3F30F47C1}.Release-x86|Unspecified.ActiveCfg = Release-x86|Win32
		{99C66D13-5D46-4665-86CA-55F3F30F47C1}.Release-x86|Unspecified.Build.0 = Release-x86|Win32
		{99C66D13-5D46-4665-86CA-55F3F30F47C1}.Release-x86|x86.ActiveCfg = Release-x86|Win32
		{99C66D13-5D46-4665-86CA-55F3F30F47C1}.Release-x86|x86.Build.0 = Release-x86|Win32
		{313D21E3-7278-4F65-B723-845BFDA5B1AC}.Debug|Unspecified.ActiveCfg = Debug|Win32
		{313D21E3-7278-4F65-B723-845BFDA5B1AC}.Debug|Unspecified.Build.0 = Debug|Win32
		{313D21E3-7278-4F65-B723-845BFDA5B1AC}.Debug|x86.ActiveCfg = Debug|Win32
		{313D21E3-7278-4F65-B723-845BFDA5B1AC}.Debug|x86.Build.0 = Debug|Win32
		{313D21E3-7278-4F65-B723-845BFDA5B1AC}.Debug-x86_64|Unspecified.ActiveCfg = Debug-x86_64|Win32
		{313D21E3-7278-4F65-B723-845BFDA5B1AC}.Debug-x86_64|Unspecified.Build.0 = Debug-x86_64|Win32
		{313D21E3-7278-4F65-B723-845BFDA5B1AC}.Debug-x86_64|x86.ActiveCfg = Debug-x86_64|Win32
		{313D21E3-7278-4F65-B723-845BFDA5B1AC}.Debug-x86_64|x86.Build.0 = Debug-x86_64|Win32
		{313D21E3-7278-4F65-B723-845BFDA5B1AC}.Debug-x86|Unspecified.ActiveCfg = Debug-x86|Win32
		{313D21E3-7278-4F65-B723-845BFDA5B1AC}.Debug-x86|Unspecified.Build.0 = Debug-x86|Win32
		{313D21E3-7278-4F65-B723-845BFDA5B1AC}.Debug-x86|x86.ActiveCfg = Debug-x86|Win32
		{313D21E3-7278-4F65-B723-845BFDA5B1AC}.Debug-x86|x86.Build.0 = Debug-x86|Win32
		{313D21E3-7278-4F65-B723-845BFDA5B1AC}.Release|Unspecified.ActiveCfg = Release|Win32
		{313D21E3-7278-4F65-B723-845BFDA5B1AC}.Release|Unspecified.Build.0 = Release|Win32
		{313D21E3-7278-4F65-B723-845BFDA5B1AC}.Release|x86.ActiveCfg = Release|Win32
		{313D21E3-7278-4F65-B723-845BFDA5B1AC}.Release|x86.Build.0 = Release|Win32
		{313D21E3-7278-4F65-B723-845BFDA5B1AC}.Release-Logging|Unspecified.ActiveCfg = Release-Logging|Win32
		{313D21E3-7278-4F65-B723-845BFDA5B1AC}.Release-Logging|Unspecified.Build.0 = Release-Logging|Win32
		{313D21E3-7278-4F65-B723-845BFDA5B1AC}.Release-Logging|x86.ActiveCfg = Release-Logging|Win32
		{313D21E3-7278-4F65-B723-845BFDA5B1AC}.Release-Logging|x86.Build.0 = Release-Logging|Win32
		{313D21E3-7278-4F65-B723-845BFDA5B1AC}.Release-x86_64|Unspecified.ActiveCfg = Release-x86_64|Win32
		{313D21E3-7278-4F65-B723-845BFDA5B1AC}.Release-x86_64|Unspecified.Build.0 = Release-x86_64|Win32
		{313D21E3-7278-4F65-B723-845BFDA5B1AC}.Release-x86_64|x86.ActiveCfg = Release-x86_64|Win32
		{313D21E3-7278-4F65-B723-845BFDA5B1AC}.Release-x86_64|x86.Build.0 = Release-x86_64|Win32
		{313D21E3-7278-4F65-B723-845BFDA5B1AC}.Release-x86|Unspecified.ActiveCfg = Release-x86|Win32
		{313D21E3-7278-4F65-B723-845BFDA5B1AC}.Release-x86|Unspecified.Build.0 = Release-x86|Win32
		{313D21E3-7278-4F65-B723-845BFDA5B1AC}.Release-x86|x86.ActiveCfg = Release-x86|Win32
		{313D21E3-7278-4F65-B723-845BFDA5B1AC}.Release-x86|x86.Build.0 = Release-x86|Win32		
		{313D2111-7278-4F65-B723-845BFDA5B1AC}.Debug|Unspecified.ActiveCfg = Debug|Win32
		{313D2111-7278-4F65-B723-845BFDA5B1AC}.Debug|Unspecified.Build.0 = Debug|Win32
		{313D2111-7278-4F65-B723-845BFDA5B1AC}.Debug|x86.ActiveCfg = Debug|Win32
		{313D2111-7278-4F65-B723-845BFDA5B1AC}.Debug|x86.Build.0 = Debug|Win32
		{313D2111-7278-4F65-B723-845BFDA5B1AC}.Debug-x86_64|Unspecified.ActiveCfg = Debug-x86_64|Win32
		{313D2111-7278-4F65-B723-845BFDA5B1AC}.Debug-x86_64|Unspecified.Build.0 = Debug-x86_64|Win32
		{313D2111-7278-4F65-B723-845BFDA5B1AC}.Debug-x86_64|x86.ActiveCfg = Debug-x86_64|Win32
		{313D2111-7278-4F65-B723-845BFDA5B1AC}.Debug-x86_64|x86.Build.0 = Debug-x86_64|Win32
		{313D2111-7278-4F65-B723-845BFDA5B1AC}.Debug-x86|Unspecified.ActiveCfg = Debug-x86|Win32
		{313D2111-7278-4F65-B723-845BFDA5B1AC}.Debug-x86|Unspecified.Build.0 = Debug-x86|Win32
		{313D2111-7278-4F65-B723-845BFDA5B1AC}.Debug-x86|x86.ActiveCfg = Debug-x86|Win32
		{313D2111-7278-4F65-B723-845BFDA5B1AC}.Debug-x86|x86.Build.0 = Debug-x86|Win32
		{313D2111-7278-4F65-B723-845BFDA5B1AC}.Release|Unspecified.ActiveCfg = Release|Win32
		{313D2111-7278-4F65-B723-845BFDA5B1AC}.Release|Unspecified.Build.0 = Release|Win32
		{313D2111-7278-4F65-B723-845BFDA5B1AC}.Release|x86.ActiveCfg = Release|Win32
		{313D2111-7278-4F65-B723-845BFDA5B1AC}.Release|x86.Build.0 = Release|Win32
		{313D2111-7278-4F65-B723-845BFDA5B1AC}.Release-Logging|Unspecified.ActiveCfg = Release-Logging|Win32
		{313D2111-7278-4F65-B723-845BFDA5B1AC}.Release-Logging|Unspecified.Build.0 = Release-Logging|Win32
		{313D2111-7278-4F65-B723-845BFDA5B1AC}.Release-Logging|x86.ActiveCfg = Release-Logging|Win32
		{313D2111-7278-4F65-B723-845BFDA5B1AC}.Release-Logging|x86.Build.0 = Release-Logging|Win32
		{313D2111-7278-4F65-B723-845BFDA5B1AC}.Release-x86_64|Unspecified.ActiveCfg = Release-x86_64|Win32
		{313D2111-7278-4F65-B723-845BFDA5B1AC}.Release-x86_64|Unspecified.Build.0 = Release-x86_64|Win32
		{313D2111-7278-4F65-B723-845BFDA5B1AC}.Release-x86_64|x86.ActiveCfg = Release-x86_64|Win32
		{313D2111-7278-4F65-B723-845BFDA5B1AC}.Release-x86_64|x86.Build.0 = Release-x86_64|Win32
		{313D2111-7278-4F65-B723-845BFDA5B1AC}.Release-x86|Unspecified.ActiveCfg = Release-x86|Win32
		{313D2111-7278-4F65-B723-845BFDA5B1AC}.Release-x86|Unspecified.Build.0 = Release-x86|Win32
		{313D2111-7278-4F65-B723-845BFDA5B1AC}.Release-x86|x86.ActiveCfg = Release-x86|Win32
		{313D2111-7278-4F65-B723-845BFDA5B1AC}.Release-x86|x86.Build.0 = Release-x86|Win32
		{70ACF502-1245-41FB-BE54-9E5E71914FC4}.Debug|Unspecified.ActiveCfg = Debug|Win32
		{70ACF502-1245-41FB-BE54-9E5E71914FC4}.Debug|Unspecified.Build.0 = Debug|Win32
		{70ACF502-1245-41FB-BE54-9E5E71914FC4}.Debug|x86.ActiveCfg = Debug|Win32
		{70ACF502-1245-41FB-BE54-9E5E71914FC4}.Debug|x86.Build.0 = Debug|Win32
		{70ACF502-1245-41FB-BE54-9E5E71914FC4}.Debug-x86_64|Unspecified.ActiveCfg = Debug-x86_64|Win32
		{70ACF502-1245-41FB-BE54-9E5E71914FC4}.Debug-x86_64|Unspecified.Build.0 = Debug-x86_64|Win32
		{70ACF502-1245-41FB-BE54-9E5E71914FC4}.Debug-x86_64|x86.ActiveCfg = Debug-x86_64|Win32
		{70ACF502-1245-41FB-BE54-9E5E71914FC4}.Debug-x86_64|x86.Build.0 = Debug-x86_64|Win32
		{70ACF502-1245-41FB-BE54-9E5E71914FC4}.Debug-x86|Unspecified.ActiveCfg = Debug-x86|Win32
		{70ACF502-1245-41FB-BE54-9E5E71914FC4}.Debug-x86|Unspecified.Build.0 = Debug-x86|Win32
		{70ACF502-1245-41FB-BE54-9E5E71914FC4}.Debug-x86|x86.ActiveCfg = Debug-x86|Win32
		{70ACF502-1245-41FB-BE54-9E5E71914FC4}.Debug-x86|x86.Build.0 = Debug-x86|Win32
		{70ACF502-1245-41FB-BE54-9E5E71914FC4}.Release|Unspecified.ActiveCfg = Release|Win32
		{70ACF502-1245-41FB-BE54-9E5E71914FC4}.Release|Unspecified.Build.0 = Release|Win32
		{70ACF502-1245-41FB-BE54-9E5E71914FC4}.Release|x86.ActiveCfg = Release|Win32
		{70ACF502-1245-41FB-BE54-9E5E71914FC4}.Release|x86.Build.0 = Release|Win32
		{70ACF502-1245-41FB-BE54-9E5E71914FC4}.Release-Logging|Unspecified.ActiveCfg = Release-Logging|Win32
		{70ACF502-1245-41FB-BE54-9E5E71914FC4}.Release-Logging|Unspecified.Build.0 = Release-Logging|Win32
		{70ACF502-1245-41FB-BE54-9E5E71914FC4}.Release-Logging|x86.ActiveCfg = Release-Logging|Win32
		{70ACF502-1245-41FB-BE54-9E5E71914FC4}.Release-Logging|x86.Build.0 = Release-Logging|Win32
		{70ACF502-1245-41FB-BE54-9E5E71914FC4}.Release-x86_64|Unspecified.ActiveCfg = Release-x86_64|Win32
		{70ACF502-1245-41FB-BE54-9E5E71914FC4}.Release-x86_64|Unspecified.Build.0 = Release-x86_64|Win32
		{70ACF502-1245-41FB-BE54-9E5E71914FC4}.Release-x86_64|x86.ActiveCfg = Release-x86_64|Win32
		{70ACF502-1245-41FB-BE54-9E5E71914FC4}.Release-x86_64|x86.Build.0 = Release-x86_64|Win32
		{70ACF502-1245-41FB-BE54-9E5E71914FC4}.Release-x86|Unspecified.ActiveCfg = Release-x86|Win32
		{70ACF502-1245-41FB-BE54-9E5E71914FC4}.Release-x86|Unspecified.Build.0 = Release-x86|Win32
		{70ACF502-1245-41FB-BE54-9E5E71914FC4}.Release-x86|x86.ActiveCfg = Release-x86|Win32
		{70ACF502-1245-41FB-BE54-9E5E71914FC4}.Release-x86|x86.Build.0 = Release-x86|Win32
	EndGlobalSection
	GlobalSection(SolutionProperties) = preSolution
		HideSolutionNode = FALSE
	EndGlobalSection
	GlobalSection(NestedProjects) = preSolution
		{679BC6AD-01AF-4A16-9EF4-16BE283E2F97} = {8184CE9F-C478-4792-9649-C652C914C316}
		{53CC012B-669C-4426-8E2A-776A0F3F35D0} = {679BC6AD-01AF-4A16-9EF4-16BE283E2F97}
		{99C66D13-5D46-4665-86CA-55F3F30F47C1} = {0E2B11C5-FA9C-4FA6-88DD-333008863F26}
		{313D21E3-7278-4F65-B723-845BFDA5B1AC} = {0E2B11C5-FA9C-4FA6-88DD-333008863F26}
		{313D2111-7278-4F65-B723-845BFDA5B1AC} = {0E2B1222-FA9C-4FA6-88DD-333008863F26}		
		{77FDFC61-1AC9-4E2B-AC0C-15A715380B8C} = {679BC6AD-01AF-4A16-9EF4-16BE283E2F97}
	EndGlobalSection
	GlobalSection(ExtensibilityGlobals) = postSolution
		SolutionGuid = {09E9F4A9-EC1B-4FA6-BC9C-7ECC8DEE6D7F}
	EndGlobalSection
EndGlobal
